// !$*UTF8*$!
{
	archiveVersion = 1;
	classes = {
	};
	objectVersion = 55;
	objects = {

/* Begin PBXBuildFile section */
		4B1EFC8027A7C55A007D9E75 /* TabBarViewController.swift in Sources */ = {isa = PBXBuildFile; fileRef = 4B1EFC7F27A7C55A007D9E75 /* TabBarViewController.swift */; };
		4B1EFC8227A7F02E007D9E75 /* Extensions.swift in Sources */ = {isa = PBXBuildFile; fileRef = 4B1EFC8127A7F02E007D9E75 /* Extensions.swift */; };
		4B4A4A0227A7B0CE008ED620 /* AppDelegate.swift in Sources */ = {isa = PBXBuildFile; fileRef = 4B4A4A0127A7B0CE008ED620 /* AppDelegate.swift */; };
		4B4A4A0427A7B0CE008ED620 /* SceneDelegate.swift in Sources */ = {isa = PBXBuildFile; fileRef = 4B4A4A0327A7B0CE008ED620 /* SceneDelegate.swift */; };
		4B4A4A0627A7B0CE008ED620 /* HomeViewController.swift in Sources */ = {isa = PBXBuildFile; fileRef = 4B4A4A0527A7B0CE008ED620 /* HomeViewController.swift */; };
		4B4A4A0B27A7B0CF008ED620 /* Assets.xcassets in Resources */ = {isa = PBXBuildFile; fileRef = 4B4A4A0A27A7B0CF008ED620 /* Assets.xcassets */; };
		4B4A4A0E27A7B0CF008ED620 /* LaunchScreen.storyboard in Resources */ = {isa = PBXBuildFile; fileRef = 4B4A4A0C27A7B0CF008ED620 /* LaunchScreen.storyboard */; };
		4B4A4A1927A7B0CF008ED620 /* Spotify_CloneTests.swift in Sources */ = {isa = PBXBuildFile; fileRef = 4B4A4A1827A7B0CF008ED620 /* Spotify_CloneTests.swift */; };
		4B4A4A2327A7B0CF008ED620 /* Spotify_CloneUITests.swift in Sources */ = {isa = PBXBuildFile; fileRef = 4B4A4A2227A7B0CF008ED620 /* Spotify_CloneUITests.swift */; };
		4B4A4A2527A7B0CF008ED620 /* Spotify_CloneUITestsLaunchTests.swift in Sources */ = {isa = PBXBuildFile; fileRef = 4B4A4A2427A7B0CF008ED620 /* Spotify_CloneUITestsLaunchTests.swift */; };
		4B8A97F727AA5D84007732AC /* NewReleasesResponse.swift in Sources */ = {isa = PBXBuildFile; fileRef = 4B8A97F627AA5D84007732AC /* NewReleasesResponse.swift */; };
		4B8A97F927AA5F45007732AC /* APIImage.swift in Sources */ = {isa = PBXBuildFile; fileRef = 4B8A97F827AA5F45007732AC /* APIImage.swift */; };
		4B8A97FB27AA63AC007732AC /* FeaturedPlaylistsResponse.swift in Sources */ = {isa = PBXBuildFile; fileRef = 4B8A97FA27AA63AC007732AC /* FeaturedPlaylistsResponse.swift */; };
		4B8A97FD27AA67A8007732AC /* RecommendedGenresResponse.swift in Sources */ = {isa = PBXBuildFile; fileRef = 4B8A97FC27AA67A8007732AC /* RecommendedGenresResponse.swift */; };
		4B8D371427A9161600C1A798 /* SettingsModels.swift in Sources */ = {isa = PBXBuildFile; fileRef = 4B8D371327A9161600C1A798 /* SettingsModels.swift */; };
		4BBB212227A7BD23009AA224 /* SearchViewController.swift in Sources */ = {isa = PBXBuildFile; fileRef = 4BBB212127A7BD23009AA224 /* SearchViewController.swift */; };
		4BBB212427A7BD60009AA224 /* LibraryViewController.swift in Sources */ = {isa = PBXBuildFile; fileRef = 4BBB212327A7BD60009AA224 /* LibraryViewController.swift */; };
		4BBB212827A7BDC1009AA224 /* AuthViewController.swift in Sources */ = {isa = PBXBuildFile; fileRef = 4BBB212727A7BDC1009AA224 /* AuthViewController.swift */; };
		4BBB212A27A7BDDE009AA224 /* WelcomeViewController.swift in Sources */ = {isa = PBXBuildFile; fileRef = 4BBB212927A7BDDE009AA224 /* WelcomeViewController.swift */; };
		4BBB212C27A7BE07009AA224 /* SettingsViewController.swift in Sources */ = {isa = PBXBuildFile; fileRef = 4BBB212B27A7BE07009AA224 /* SettingsViewController.swift */; };
		4BBB212E27A7BE14009AA224 /* ProfileViewController.swift in Sources */ = {isa = PBXBuildFile; fileRef = 4BBB212D27A7BE14009AA224 /* ProfileViewController.swift */; };
		4BBB213027A7BE51009AA224 /* PlayerViewController.swift in Sources */ = {isa = PBXBuildFile; fileRef = 4BBB212F27A7BE51009AA224 /* PlayerViewController.swift */; };
		4BBB213227A7BE9D009AA224 /* PlaylistViewController.swift in Sources */ = {isa = PBXBuildFile; fileRef = 4BBB213127A7BE9D009AA224 /* PlaylistViewController.swift */; };
		4BBB213427A7BEC2009AA224 /* SearchResultsViewController.swift in Sources */ = {isa = PBXBuildFile; fileRef = 4BBB213327A7BEC2009AA224 /* SearchResultsViewController.swift */; };
		4BBB213627A7BF03009AA224 /* AuthManager.swift in Sources */ = {isa = PBXBuildFile; fileRef = 4BBB213527A7BF03009AA224 /* AuthManager.swift */; };
		4BBB213827A7BF14009AA224 /* APICaller.swift in Sources */ = {isa = PBXBuildFile; fileRef = 4BBB213727A7BF14009AA224 /* APICaller.swift */; };
		4BBB213A27A7BF2F009AA224 /* HapticsManager.swift in Sources */ = {isa = PBXBuildFile; fileRef = 4BBB213927A7BF2F009AA224 /* HapticsManager.swift */; };
		4BBB213C27A7BF61009AA224 /* Playlist.swift in Sources */ = {isa = PBXBuildFile; fileRef = 4BBB213B27A7BF61009AA224 /* Playlist.swift */; };
		4BBB213E27A7BF7B009AA224 /* AudioTrack.swift in Sources */ = {isa = PBXBuildFile; fileRef = 4BBB213D27A7BF7B009AA224 /* AudioTrack.swift */; };
		4BBB214027A7BF84009AA224 /* Artist.swift in Sources */ = {isa = PBXBuildFile; fileRef = 4BBB213F27A7BF84009AA224 /* Artist.swift */; };
		4BBB214227A7BFC8009AA224 /* UserProfile.swift in Sources */ = {isa = PBXBuildFile; fileRef = 4BBB214127A7BFC8009AA224 /* UserProfile.swift */; };
		4BC4B58A27A80F9F00B3A08F /* AuthResponse.swift in Sources */ = {isa = PBXBuildFile; fileRef = 4BC4B58927A80F9F00B3A08F /* AuthResponse.swift */; };
		4BEF4A2327AA6C8E00006FB3 /* RecommendationsResponse.swift in Sources */ = {isa = PBXBuildFile; fileRef = 4BEF4A2227AA6C8E00006FB3 /* RecommendationsResponse.swift */; };
		4BEF4A2627AAA3BC00006FB3 /* NewReleasesCollectionViewCell.swift in Sources */ = {isa = PBXBuildFile; fileRef = 4BEF4A2527AAA3BC00006FB3 /* NewReleasesCollectionViewCell.swift */; };
		4BEF4A2827AAA3F400006FB3 /* FeaturedPlaylistCollectionViewCell.swift in Sources */ = {isa = PBXBuildFile; fileRef = 4BEF4A2727AAA3F400006FB3 /* FeaturedPlaylistCollectionViewCell.swift */; };
		4BEF4A2A27AAA42300006FB3 /* RecommendedTrackCollectionViewCell.swift in Sources */ = {isa = PBXBuildFile; fileRef = 4BEF4A2927AAA42300006FB3 /* RecommendedTrackCollectionViewCell.swift */; };
		4BEF4A2C27AAA56400006FB3 /* NewReleasesCellViewModel.swift in Sources */ = {isa = PBXBuildFile; fileRef = 4BEF4A2B27AAA56400006FB3 /* NewReleasesCellViewModel.swift */; };
		F74F1B75E8D9E45511AA9FE9 /* Pods_Spotify_Clone.framework in Frameworks */ = {isa = PBXBuildFile; fileRef = 425C7B009E3D121FAF990786 /* Pods_Spotify_Clone.framework */; };
/* End PBXBuildFile section */

/* Begin PBXContainerItemProxy section */
		4B4A4A1527A7B0CF008ED620 /* PBXContainerItemProxy */ = {
			isa = PBXContainerItemProxy;
			containerPortal = 4B4A49F627A7B0CE008ED620 /* Project object */;
			proxyType = 1;
			remoteGlobalIDString = 4B4A49FD27A7B0CE008ED620;
			remoteInfo = "Spotify Clone";
		};
		4B4A4A1F27A7B0CF008ED620 /* PBXContainerItemProxy */ = {
			isa = PBXContainerItemProxy;
			containerPortal = 4B4A49F627A7B0CE008ED620 /* Project object */;
			proxyType = 1;
			remoteGlobalIDString = 4B4A49FD27A7B0CE008ED620;
			remoteInfo = "Spotify Clone";
		};
/* End PBXContainerItemProxy section */

/* Begin PBXFileReference section */
		387BBBE4268DF50BF36FD253 /* Pods-Spotify Clone.release.xcconfig */ = {isa = PBXFileReference; includeInIndex = 1; lastKnownFileType = text.xcconfig; name = "Pods-Spotify Clone.release.xcconfig"; path = "Target Support Files/Pods-Spotify Clone/Pods-Spotify Clone.release.xcconfig"; sourceTree = "<group>"; };
		425C7B009E3D121FAF990786 /* Pods_Spotify_Clone.framework */ = {isa = PBXFileReference; explicitFileType = wrapper.framework; includeInIndex = 0; path = Pods_Spotify_Clone.framework; sourceTree = BUILT_PRODUCTS_DIR; };
		4B1EFC7F27A7C55A007D9E75 /* TabBarViewController.swift */ = {isa = PBXFileReference; lastKnownFileType = sourcecode.swift; path = TabBarViewController.swift; sourceTree = "<group>"; };
		4B1EFC8127A7F02E007D9E75 /* Extensions.swift */ = {isa = PBXFileReference; lastKnownFileType = sourcecode.swift; path = Extensions.swift; sourceTree = "<group>"; };
		4B4A49FE27A7B0CE008ED620 /* Spotify Clone.app */ = {isa = PBXFileReference; explicitFileType = wrapper.application; includeInIndex = 0; path = "Spotify Clone.app"; sourceTree = BUILT_PRODUCTS_DIR; };
		4B4A4A0127A7B0CE008ED620 /* AppDelegate.swift */ = {isa = PBXFileReference; lastKnownFileType = sourcecode.swift; path = AppDelegate.swift; sourceTree = "<group>"; };
		4B4A4A0327A7B0CE008ED620 /* SceneDelegate.swift */ = {isa = PBXFileReference; lastKnownFileType = sourcecode.swift; path = SceneDelegate.swift; sourceTree = "<group>"; };
		4B4A4A0527A7B0CE008ED620 /* HomeViewController.swift */ = {isa = PBXFileReference; lastKnownFileType = sourcecode.swift; path = HomeViewController.swift; sourceTree = "<group>"; };
		4B4A4A0A27A7B0CF008ED620 /* Assets.xcassets */ = {isa = PBXFileReference; lastKnownFileType = folder.assetcatalog; path = Assets.xcassets; sourceTree = "<group>"; };
		4B4A4A0D27A7B0CF008ED620 /* Base */ = {isa = PBXFileReference; lastKnownFileType = file.storyboard; name = Base; path = Base.lproj/LaunchScreen.storyboard; sourceTree = "<group>"; };
		4B4A4A0F27A7B0CF008ED620 /* Info.plist */ = {isa = PBXFileReference; lastKnownFileType = text.plist.xml; path = Info.plist; sourceTree = "<group>"; };
		4B4A4A1427A7B0CF008ED620 /* Spotify CloneTests.xctest */ = {isa = PBXFileReference; explicitFileType = wrapper.cfbundle; includeInIndex = 0; path = "Spotify CloneTests.xctest"; sourceTree = BUILT_PRODUCTS_DIR; };
		4B4A4A1827A7B0CF008ED620 /* Spotify_CloneTests.swift */ = {isa = PBXFileReference; lastKnownFileType = sourcecode.swift; path = Spotify_CloneTests.swift; sourceTree = "<group>"; };
		4B4A4A1E27A7B0CF008ED620 /* Spotify CloneUITests.xctest */ = {isa = PBXFileReference; explicitFileType = wrapper.cfbundle; includeInIndex = 0; path = "Spotify CloneUITests.xctest"; sourceTree = BUILT_PRODUCTS_DIR; };
		4B4A4A2227A7B0CF008ED620 /* Spotify_CloneUITests.swift */ = {isa = PBXFileReference; lastKnownFileType = sourcecode.swift; path = Spotify_CloneUITests.swift; sourceTree = "<group>"; };
		4B4A4A2427A7B0CF008ED620 /* Spotify_CloneUITestsLaunchTests.swift */ = {isa = PBXFileReference; lastKnownFileType = sourcecode.swift; path = Spotify_CloneUITestsLaunchTests.swift; sourceTree = "<group>"; };
		4B8A97F627AA5D84007732AC /* NewReleasesResponse.swift */ = {isa = PBXFileReference; lastKnownFileType = sourcecode.swift; path = NewReleasesResponse.swift; sourceTree = "<group>"; };
		4B8A97F827AA5F45007732AC /* APIImage.swift */ = {isa = PBXFileReference; lastKnownFileType = sourcecode.swift; path = APIImage.swift; sourceTree = "<group>"; };
		4B8A97FA27AA63AC007732AC /* FeaturedPlaylistsResponse.swift */ = {isa = PBXFileReference; lastKnownFileType = sourcecode.swift; path = FeaturedPlaylistsResponse.swift; sourceTree = "<group>"; };
		4B8A97FC27AA67A8007732AC /* RecommendedGenresResponse.swift */ = {isa = PBXFileReference; lastKnownFileType = sourcecode.swift; path = RecommendedGenresResponse.swift; sourceTree = "<group>"; };
		4B8D371327A9161600C1A798 /* SettingsModels.swift */ = {isa = PBXFileReference; lastKnownFileType = sourcecode.swift; path = SettingsModels.swift; sourceTree = "<group>"; };
		4BBB212127A7BD23009AA224 /* SearchViewController.swift */ = {isa = PBXFileReference; lastKnownFileType = sourcecode.swift; path = SearchViewController.swift; sourceTree = "<group>"; };
		4BBB212327A7BD60009AA224 /* LibraryViewController.swift */ = {isa = PBXFileReference; lastKnownFileType = sourcecode.swift; path = LibraryViewController.swift; sourceTree = "<group>"; };
		4BBB212727A7BDC1009AA224 /* AuthViewController.swift */ = {isa = PBXFileReference; lastKnownFileType = sourcecode.swift; path = AuthViewController.swift; sourceTree = "<group>"; };
		4BBB212927A7BDDE009AA224 /* WelcomeViewController.swift */ = {isa = PBXFileReference; lastKnownFileType = sourcecode.swift; path = WelcomeViewController.swift; sourceTree = "<group>"; };
		4BBB212B27A7BE07009AA224 /* SettingsViewController.swift */ = {isa = PBXFileReference; lastKnownFileType = sourcecode.swift; path = SettingsViewController.swift; sourceTree = "<group>"; };
		4BBB212D27A7BE14009AA224 /* ProfileViewController.swift */ = {isa = PBXFileReference; lastKnownFileType = sourcecode.swift; path = ProfileViewController.swift; sourceTree = "<group>"; };
		4BBB212F27A7BE51009AA224 /* PlayerViewController.swift */ = {isa = PBXFileReference; lastKnownFileType = sourcecode.swift; path = PlayerViewController.swift; sourceTree = "<group>"; };
		4BBB213127A7BE9D009AA224 /* PlaylistViewController.swift */ = {isa = PBXFileReference; lastKnownFileType = sourcecode.swift; path = PlaylistViewController.swift; sourceTree = "<group>"; };
		4BBB213327A7BEC2009AA224 /* SearchResultsViewController.swift */ = {isa = PBXFileReference; lastKnownFileType = sourcecode.swift; path = SearchResultsViewController.swift; sourceTree = "<group>"; };
		4BBB213527A7BF03009AA224 /* AuthManager.swift */ = {isa = PBXFileReference; lastKnownFileType = sourcecode.swift; path = AuthManager.swift; sourceTree = "<group>"; };
		4BBB213727A7BF14009AA224 /* APICaller.swift */ = {isa = PBXFileReference; lastKnownFileType = sourcecode.swift; path = APICaller.swift; sourceTree = "<group>"; };
		4BBB213927A7BF2F009AA224 /* HapticsManager.swift */ = {isa = PBXFileReference; lastKnownFileType = sourcecode.swift; path = HapticsManager.swift; sourceTree = "<group>"; };
		4BBB213B27A7BF61009AA224 /* Playlist.swift */ = {isa = PBXFileReference; lastKnownFileType = sourcecode.swift; path = Playlist.swift; sourceTree = "<group>"; };
		4BBB213D27A7BF7B009AA224 /* AudioTrack.swift */ = {isa = PBXFileReference; lastKnownFileType = sourcecode.swift; path = AudioTrack.swift; sourceTree = "<group>"; };
		4BBB213F27A7BF84009AA224 /* Artist.swift */ = {isa = PBXFileReference; lastKnownFileType = sourcecode.swift; path = Artist.swift; sourceTree = "<group>"; };
		4BBB214127A7BFC8009AA224 /* UserProfile.swift */ = {isa = PBXFileReference; lastKnownFileType = sourcecode.swift; path = UserProfile.swift; sourceTree = "<group>"; };
		4BC4B58927A80F9F00B3A08F /* AuthResponse.swift */ = {isa = PBXFileReference; lastKnownFileType = sourcecode.swift; path = AuthResponse.swift; sourceTree = "<group>"; };
		4BEF4A2227AA6C8E00006FB3 /* RecommendationsResponse.swift */ = {isa = PBXFileReference; lastKnownFileType = sourcecode.swift; path = RecommendationsResponse.swift; sourceTree = "<group>"; };
		4BEF4A2527AAA3BC00006FB3 /* NewReleasesCollectionViewCell.swift */ = {isa = PBXFileReference; lastKnownFileType = sourcecode.swift; path = NewReleasesCollectionViewCell.swift; sourceTree = "<group>"; };
		4BEF4A2727AAA3F400006FB3 /* FeaturedPlaylistCollectionViewCell.swift */ = {isa = PBXFileReference; lastKnownFileType = sourcecode.swift; path = FeaturedPlaylistCollectionViewCell.swift; sourceTree = "<group>"; };
		4BEF4A2927AAA42300006FB3 /* RecommendedTrackCollectionViewCell.swift */ = {isa = PBXFileReference; lastKnownFileType = sourcecode.swift; path = RecommendedTrackCollectionViewCell.swift; sourceTree = "<group>"; };
		4BEF4A2B27AAA56400006FB3 /* NewReleasesCellViewModel.swift */ = {isa = PBXFileReference; lastKnownFileType = sourcecode.swift; path = NewReleasesCellViewModel.swift; sourceTree = "<group>"; };
		60E1B954D1D6BCF7150AD8E6 /* Pods-Spotify Clone.debug.xcconfig */ = {isa = PBXFileReference; includeInIndex = 1; lastKnownFileType = text.xcconfig; name = "Pods-Spotify Clone.debug.xcconfig"; path = "Target Support Files/Pods-Spotify Clone/Pods-Spotify Clone.debug.xcconfig"; sourceTree = "<group>"; };
/* End PBXFileReference section */

/* Begin PBXFrameworksBuildPhase section */
		4B4A49FB27A7B0CE008ED620 /* Frameworks */ = {
			isa = PBXFrameworksBuildPhase;
			buildActionMask = 2147483647;
			files = (
				F74F1B75E8D9E45511AA9FE9 /* Pods_Spotify_Clone.framework in Frameworks */,
			);
			runOnlyForDeploymentPostprocessing = 0;
		};
		4B4A4A1127A7B0CF008ED620 /* Frameworks */ = {
			isa = PBXFrameworksBuildPhase;
			buildActionMask = 2147483647;
			files = (
			);
			runOnlyForDeploymentPostprocessing = 0;
		};
		4B4A4A1B27A7B0CF008ED620 /* Frameworks */ = {
			isa = PBXFrameworksBuildPhase;
			buildActionMask = 2147483647;
			files = (
			);
			runOnlyForDeploymentPostprocessing = 0;
		};
/* End PBXFrameworksBuildPhase section */

/* Begin PBXGroup section */
		48A788BB11EED7CF26124CD7 /* Frameworks */ = {
			isa = PBXGroup;
			children = (
				425C7B009E3D121FAF990786 /* Pods_Spotify_Clone.framework */,
			);
			name = Frameworks;
			sourceTree = "<group>";
		};
		4B4A49F527A7B0CE008ED620 = {
			isa = PBXGroup;
			children = (
				4B4A4A0027A7B0CE008ED620 /* Spotify Clone */,
				4B4A4A1727A7B0CF008ED620 /* Spotify CloneTests */,
				4B4A4A2127A7B0CF008ED620 /* Spotify CloneUITests */,
				4B4A49FF27A7B0CE008ED620 /* Products */,
				860E5048C97C175C549116B4 /* Pods */,
				48A788BB11EED7CF26124CD7 /* Frameworks */,
			);
			sourceTree = "<group>";
		};
		4B4A49FF27A7B0CE008ED620 /* Products */ = {
			isa = PBXGroup;
			children = (
				4B4A49FE27A7B0CE008ED620 /* Spotify Clone.app */,
				4B4A4A1427A7B0CF008ED620 /* Spotify CloneTests.xctest */,
				4B4A4A1E27A7B0CF008ED620 /* Spotify CloneUITests.xctest */,
			);
			name = Products;
			sourceTree = "<group>";
		};
		4B4A4A0027A7B0CE008ED620 /* Spotify Clone */ = {
			isa = PBXGroup;
			children = (
				4B4A4A3227A7B118008ED620 /* Resources */,
				4B4A4A3627A7B14D008ED620 /* Managers */,
				4B4A4A3527A7B142008ED620 /* Models */,
				4B4A4A3427A7B134008ED620 /* Controllers */,
				4B4A4A3327A7B120008ED620 /* Views */,
				4B4A4A3127A7B10D008ED620 /* ViewModels */,
				4B4A4A0F27A7B0CF008ED620 /* Info.plist */,
			);
			path = "Spotify Clone";
			sourceTree = "<group>";
		};
		4B4A4A1727A7B0CF008ED620 /* Spotify CloneTests */ = {
			isa = PBXGroup;
			children = (
				4B4A4A1827A7B0CF008ED620 /* Spotify_CloneTests.swift */,
			);
			path = "Spotify CloneTests";
			sourceTree = "<group>";
		};
		4B4A4A2127A7B0CF008ED620 /* Spotify CloneUITests */ = {
			isa = PBXGroup;
			children = (
				4B4A4A2227A7B0CF008ED620 /* Spotify_CloneUITests.swift */,
				4B4A4A2427A7B0CF008ED620 /* Spotify_CloneUITestsLaunchTests.swift */,
			);
			path = "Spotify CloneUITests";
			sourceTree = "<group>";
		};
		4B4A4A3127A7B10D008ED620 /* ViewModels */ = {
			isa = PBXGroup;
			children = (
				4BEF4A2B27AAA56400006FB3 /* NewReleasesCellViewModel.swift */,
			);
			path = ViewModels;
			sourceTree = "<group>";
		};
		4B4A4A3227A7B118008ED620 /* Resources */ = {
			isa = PBXGroup;
			children = (
				4B4A4A0A27A7B0CF008ED620 /* Assets.xcassets */,
				4B4A4A0127A7B0CE008ED620 /* AppDelegate.swift */,
				4B4A4A0327A7B0CE008ED620 /* SceneDelegate.swift */,
				4B1EFC8127A7F02E007D9E75 /* Extensions.swift */,
			);
			path = Resources;
			sourceTree = "<group>";
		};
		4B4A4A3327A7B120008ED620 /* Views */ = {
			isa = PBXGroup;
			children = (
				4BEF4A2427AAA37700006FB3 /* Browse */,
				4B4A4A0C27A7B0CF008ED620 /* LaunchScreen.storyboard */,
			);
			path = Views;
			sourceTree = "<group>";
		};
		4B4A4A3427A7B134008ED620 /* Controllers */ = {
			isa = PBXGroup;
			children = (
				4BBB212627A7BD9D009AA224 /* Other */,
				4BBB212527A7BD80009AA224 /* Core */,
			);
			path = Controllers;
			sourceTree = "<group>";
		};
		4B4A4A3527A7B142008ED620 /* Models */ = {
			isa = PBXGroup;
			children = (
				4BBB213B27A7BF61009AA224 /* Playlist.swift */,
				4BBB213D27A7BF7B009AA224 /* AudioTrack.swift */,
				4BBB213F27A7BF84009AA224 /* Artist.swift */,
				4BBB214127A7BFC8009AA224 /* UserProfile.swift */,
				4BC4B58927A80F9F00B3A08F /* AuthResponse.swift */,
				4B8D371327A9161600C1A798 /* SettingsModels.swift */,
				4B8A97F627AA5D84007732AC /* NewReleasesResponse.swift */,
				4B8A97F827AA5F45007732AC /* APIImage.swift */,
				4B8A97FA27AA63AC007732AC /* FeaturedPlaylistsResponse.swift */,
				4B8A97FC27AA67A8007732AC /* RecommendedGenresResponse.swift */,
				4BEF4A2227AA6C8E00006FB3 /* RecommendationsResponse.swift */,
			);
			path = Models;
			sourceTree = "<group>";
		};
		4B4A4A3627A7B14D008ED620 /* Managers */ = {
			isa = PBXGroup;
			children = (
				4BBB213527A7BF03009AA224 /* AuthManager.swift */,
				4BBB213727A7BF14009AA224 /* APICaller.swift */,
				4BBB213927A7BF2F009AA224 /* HapticsManager.swift */,
			);
			path = Managers;
			sourceTree = "<group>";
		};
		4BBB212527A7BD80009AA224 /* Core */ = {
			isa = PBXGroup;
			children = (
				4B4A4A0527A7B0CE008ED620 /* HomeViewController.swift */,
				4BBB212127A7BD23009AA224 /* SearchViewController.swift */,
				4BBB212327A7BD60009AA224 /* LibraryViewController.swift */,
				4B1EFC7F27A7C55A007D9E75 /* TabBarViewController.swift */,
			);
			path = Core;
			sourceTree = "<group>";
		};
		4BBB212627A7BD9D009AA224 /* Other */ = {
			isa = PBXGroup;
			children = (
				4BBB212727A7BDC1009AA224 /* AuthViewController.swift */,
				4BBB212927A7BDDE009AA224 /* WelcomeViewController.swift */,
				4BBB212B27A7BE07009AA224 /* SettingsViewController.swift */,
				4BBB212D27A7BE14009AA224 /* ProfileViewController.swift */,
				4BBB212F27A7BE51009AA224 /* PlayerViewController.swift */,
				4BBB213127A7BE9D009AA224 /* PlaylistViewController.swift */,
				4BBB213327A7BEC2009AA224 /* SearchResultsViewController.swift */,
			);
			path = Other;
			sourceTree = "<group>";
		};
		4BEF4A2427AAA37700006FB3 /* Browse */ = {
			isa = PBXGroup;
			children = (
				4BEF4A2527AAA3BC00006FB3 /* NewReleasesCollectionViewCell.swift */,
				4BEF4A2727AAA3F400006FB3 /* FeaturedPlaylistCollectionViewCell.swift */,
				4BEF4A2927AAA42300006FB3 /* RecommendedTrackCollectionViewCell.swift */,
			);
			path = Browse;
			sourceTree = "<group>";
		};
		860E5048C97C175C549116B4 /* Pods */ = {
			isa = PBXGroup;
			children = (
				60E1B954D1D6BCF7150AD8E6 /* Pods-Spotify Clone.debug.xcconfig */,
				387BBBE4268DF50BF36FD253 /* Pods-Spotify Clone.release.xcconfig */,
			);
			path = Pods;
			sourceTree = "<group>";
		};
/* End PBXGroup section */

/* Begin PBXNativeTarget section */
		4B4A49FD27A7B0CE008ED620 /* Spotify Clone */ = {
			isa = PBXNativeTarget;
			buildConfigurationList = 4B4A4A2827A7B0CF008ED620 /* Build configuration list for PBXNativeTarget "Spotify Clone" */;
			buildPhases = (
				51C936BC707993C9144CF23E /* [CP] Check Pods Manifest.lock */,
				4B4A49FA27A7B0CE008ED620 /* Sources */,
				4B4A49FB27A7B0CE008ED620 /* Frameworks */,
				4B4A49FC27A7B0CE008ED620 /* Resources */,
				2EA4D9F68B44243648E9D750 /* [CP] Embed Pods Frameworks */,
			);
			buildRules = (
			);
			dependencies = (
			);
			name = "Spotify Clone";
			productName = "Spotify Clone";
			productReference = 4B4A49FE27A7B0CE008ED620 /* Spotify Clone.app */;
			productType = "com.apple.product-type.application";
		};
		4B4A4A1327A7B0CF008ED620 /* Spotify CloneTests */ = {
			isa = PBXNativeTarget;
			buildConfigurationList = 4B4A4A2B27A7B0CF008ED620 /* Build configuration list for PBXNativeTarget "Spotify CloneTests" */;
			buildPhases = (
				4B4A4A1027A7B0CF008ED620 /* Sources */,
				4B4A4A1127A7B0CF008ED620 /* Frameworks */,
				4B4A4A1227A7B0CF008ED620 /* Resources */,
			);
			buildRules = (
			);
			dependencies = (
				4B4A4A1627A7B0CF008ED620 /* PBXTargetDependency */,
			);
			name = "Spotify CloneTests";
			productName = "Spotify CloneTests";
			productReference = 4B4A4A1427A7B0CF008ED620 /* Spotify CloneTests.xctest */;
			productType = "com.apple.product-type.bundle.unit-test";
		};
		4B4A4A1D27A7B0CF008ED620 /* Spotify CloneUITests */ = {
			isa = PBXNativeTarget;
			buildConfigurationList = 4B4A4A2E27A7B0CF008ED620 /* Build configuration list for PBXNativeTarget "Spotify CloneUITests" */;
			buildPhases = (
				4B4A4A1A27A7B0CF008ED620 /* Sources */,
				4B4A4A1B27A7B0CF008ED620 /* Frameworks */,
				4B4A4A1C27A7B0CF008ED620 /* Resources */,
			);
			buildRules = (
			);
			dependencies = (
				4B4A4A2027A7B0CF008ED620 /* PBXTargetDependency */,
			);
			name = "Spotify CloneUITests";
			productName = "Spotify CloneUITests";
			productReference = 4B4A4A1E27A7B0CF008ED620 /* Spotify CloneUITests.xctest */;
			productType = "com.apple.product-type.bundle.ui-testing";
		};
/* End PBXNativeTarget section */

/* Begin PBXProject section */
		4B4A49F627A7B0CE008ED620 /* Project object */ = {
			isa = PBXProject;
			attributes = {
				BuildIndependentTargetsInParallel = 1;
				LastSwiftUpdateCheck = 1320;
				LastUpgradeCheck = 1320;
				TargetAttributes = {
					4B4A49FD27A7B0CE008ED620 = {
						CreatedOnToolsVersion = 13.2.1;
					};
					4B4A4A1327A7B0CF008ED620 = {
						CreatedOnToolsVersion = 13.2.1;
						TestTargetID = 4B4A49FD27A7B0CE008ED620;
					};
					4B4A4A1D27A7B0CF008ED620 = {
						CreatedOnToolsVersion = 13.2.1;
						TestTargetID = 4B4A49FD27A7B0CE008ED620;
					};
				};
			};
			buildConfigurationList = 4B4A49F927A7B0CE008ED620 /* Build configuration list for PBXProject "Spotify Clone" */;
			compatibilityVersion = "Xcode 13.0";
			developmentRegion = en;
			hasScannedForEncodings = 0;
			knownRegions = (
				en,
				Base,
			);
			mainGroup = 4B4A49F527A7B0CE008ED620;
			productRefGroup = 4B4A49FF27A7B0CE008ED620 /* Products */;
			projectDirPath = "";
			projectRoot = "";
			targets = (
				4B4A49FD27A7B0CE008ED620 /* Spotify Clone */,
				4B4A4A1327A7B0CF008ED620 /* Spotify CloneTests */,
				4B4A4A1D27A7B0CF008ED620 /* Spotify CloneUITests */,
			);
		};
/* End PBXProject section */

/* Begin PBXResourcesBuildPhase section */
		4B4A49FC27A7B0CE008ED620 /* Resources */ = {
			isa = PBXResourcesBuildPhase;
			buildActionMask = 2147483647;
			files = (
				4B4A4A0E27A7B0CF008ED620 /* LaunchScreen.storyboard in Resources */,
				4B4A4A0B27A7B0CF008ED620 /* Assets.xcassets in Resources */,
			);
			runOnlyForDeploymentPostprocessing = 0;
		};
		4B4A4A1227A7B0CF008ED620 /* Resources */ = {
			isa = PBXResourcesBuildPhase;
			buildActionMask = 2147483647;
			files = (
			);
			runOnlyForDeploymentPostprocessing = 0;
		};
		4B4A4A1C27A7B0CF008ED620 /* Resources */ = {
			isa = PBXResourcesBuildPhase;
			buildActionMask = 2147483647;
			files = (
			);
			runOnlyForDeploymentPostprocessing = 0;
		};
/* End PBXResourcesBuildPhase section */

/* Begin PBXShellScriptBuildPhase section */
		2EA4D9F68B44243648E9D750 /* [CP] Embed Pods Frameworks */ = {
			isa = PBXShellScriptBuildPhase;
			buildActionMask = 2147483647;
			files = (
			);
			inputFileListPaths = (
				"${PODS_ROOT}/Target Support Files/Pods-Spotify Clone/Pods-Spotify Clone-frameworks-${CONFIGURATION}-input-files.xcfilelist",
			);
			name = "[CP] Embed Pods Frameworks";
			outputFileListPaths = (
				"${PODS_ROOT}/Target Support Files/Pods-Spotify Clone/Pods-Spotify Clone-frameworks-${CONFIGURATION}-output-files.xcfilelist",
			);
			runOnlyForDeploymentPostprocessing = 0;
			shellPath = /bin/sh;
			shellScript = "\"${PODS_ROOT}/Target Support Files/Pods-Spotify Clone/Pods-Spotify Clone-frameworks.sh\"\n";
			showEnvVarsInLog = 0;
		};
		51C936BC707993C9144CF23E /* [CP] Check Pods Manifest.lock */ = {
			isa = PBXShellScriptBuildPhase;
			buildActionMask = 2147483647;
			files = (
			);
			inputFileListPaths = (
			);
			inputPaths = (
				"${PODS_PODFILE_DIR_PATH}/Podfile.lock",
				"${PODS_ROOT}/Manifest.lock",
			);
			name = "[CP] Check Pods Manifest.lock";
			outputFileListPaths = (
			);
			outputPaths = (
				"$(DERIVED_FILE_DIR)/Pods-Spotify Clone-checkManifestLockResult.txt",
			);
			runOnlyForDeploymentPostprocessing = 0;
			shellPath = /bin/sh;
			shellScript = "diff \"${PODS_PODFILE_DIR_PATH}/Podfile.lock\" \"${PODS_ROOT}/Manifest.lock\" > /dev/null\nif [ $? != 0 ] ; then\n    # print error to STDERR\n    echo \"error: The sandbox is not in sync with the Podfile.lock. Run 'pod install' or update your CocoaPods installation.\" >&2\n    exit 1\nfi\n# This output is used by Xcode 'outputs' to avoid re-running this script phase.\necho \"SUCCESS\" > \"${SCRIPT_OUTPUT_FILE_0}\"\n";
			showEnvVarsInLog = 0;
		};
/* End PBXShellScriptBuildPhase section */

/* Begin PBXSourcesBuildPhase section */
		4B4A49FA27A7B0CE008ED620 /* Sources */ = {
			isa = PBXSourcesBuildPhase;
			buildActionMask = 2147483647;
			files = (
				4BBB212227A7BD23009AA224 /* SearchViewController.swift in Sources */,
				4BEF4A2A27AAA42300006FB3 /* RecommendedTrackCollectionViewCell.swift in Sources */,
				4BBB213C27A7BF61009AA224 /* Playlist.swift in Sources */,
				4BEF4A2C27AAA56400006FB3 /* NewReleasesCellViewModel.swift in Sources */,
				4BBB213627A7BF03009AA224 /* AuthManager.swift in Sources */,
				4BBB213427A7BEC2009AA224 /* SearchResultsViewController.swift in Sources */,
				4B8A97F927AA5F45007732AC /* APIImage.swift in Sources */,
				4BBB212A27A7BDDE009AA224 /* WelcomeViewController.swift in Sources */,
				4BBB212E27A7BE14009AA224 /* ProfileViewController.swift in Sources */,
				4BBB213A27A7BF2F009AA224 /* HapticsManager.swift in Sources */,
				4BBB213E27A7BF7B009AA224 /* AudioTrack.swift in Sources */,
				4BEF4A2627AAA3BC00006FB3 /* NewReleasesCollectionViewCell.swift in Sources */,
				4BC4B58A27A80F9F00B3A08F /* AuthResponse.swift in Sources */,
				4B8A97F727AA5D84007732AC /* NewReleasesResponse.swift in Sources */,
				4BEF4A2327AA6C8E00006FB3 /* RecommendationsResponse.swift in Sources */,
				4B1EFC8027A7C55A007D9E75 /* TabBarViewController.swift in Sources */,
				4B4A4A0627A7B0CE008ED620 /* HomeViewController.swift in Sources */,
				4BBB212827A7BDC1009AA224 /* AuthViewController.swift in Sources */,
				4BEF4A2827AAA3F400006FB3 /* FeaturedPlaylistCollectionViewCell.swift in Sources */,
				4B4A4A0227A7B0CE008ED620 /* AppDelegate.swift in Sources */,
				4BBB214227A7BFC8009AA224 /* UserProfile.swift in Sources */,
				4B1EFC8227A7F02E007D9E75 /* Extensions.swift in Sources */,
				4BBB212427A7BD60009AA224 /* LibraryViewController.swift in Sources */,
				4BBB214027A7BF84009AA224 /* Artist.swift in Sources */,
				4B8D371427A9161600C1A798 /* SettingsModels.swift in Sources */,
				4BBB213227A7BE9D009AA224 /* PlaylistViewController.swift in Sources */,
				4B4A4A0427A7B0CE008ED620 /* SceneDelegate.swift in Sources */,
				4BBB213027A7BE51009AA224 /* PlayerViewController.swift in Sources */,
				4BBB213827A7BF14009AA224 /* APICaller.swift in Sources */,
				4B8A97FB27AA63AC007732AC /* FeaturedPlaylistsResponse.swift in Sources */,
				4BBB212C27A7BE07009AA224 /* SettingsViewController.swift in Sources */,
				4B8A97FD27AA67A8007732AC /* RecommendedGenresResponse.swift in Sources */,
			);
			runOnlyForDeploymentPostprocessing = 0;
		};
		4B4A4A1027A7B0CF008ED620 /* Sources */ = {
			isa = PBXSourcesBuildPhase;
			buildActionMask = 2147483647;
			files = (
				4B4A4A1927A7B0CF008ED620 /* Spotify_CloneTests.swift in Sources */,
			);
			runOnlyForDeploymentPostprocessing = 0;
		};
		4B4A4A1A27A7B0CF008ED620 /* Sources */ = {
			isa = PBXSourcesBuildPhase;
			buildActionMask = 2147483647;
			files = (
				4B4A4A2327A7B0CF008ED620 /* Spotify_CloneUITests.swift in Sources */,
				4B4A4A2527A7B0CF008ED620 /* Spotify_CloneUITestsLaunchTests.swift in Sources */,
			);
			runOnlyForDeploymentPostprocessing = 0;
		};
/* End PBXSourcesBuildPhase section */

/* Begin PBXTargetDependency section */
		4B4A4A1627A7B0CF008ED620 /* PBXTargetDependency */ = {
			isa = PBXTargetDependency;
			target = 4B4A49FD27A7B0CE008ED620 /* Spotify Clone */;
			targetProxy = 4B4A4A1527A7B0CF008ED620 /* PBXContainerItemProxy */;
		};
		4B4A4A2027A7B0CF008ED620 /* PBXTargetDependency */ = {
			isa = PBXTargetDependency;
			target = 4B4A49FD27A7B0CE008ED620 /* Spotify Clone */;
			targetProxy = 4B4A4A1F27A7B0CF008ED620 /* PBXContainerItemProxy */;
		};
/* End PBXTargetDependency section */

/* Begin PBXVariantGroup section */
		4B4A4A0C27A7B0CF008ED620 /* LaunchScreen.storyboard */ = {
			isa = PBXVariantGroup;
			children = (
				4B4A4A0D27A7B0CF008ED620 /* Base */,
			);
			name = LaunchScreen.storyboard;
			sourceTree = "<group>";
		};
/* End PBXVariantGroup section */

/* Begin XCBuildConfiguration section */
		4B4A4A2627A7B0CF008ED620 /* Debug */ = {
			isa = XCBuildConfiguration;
			buildSettings = {
				ALWAYS_SEARCH_USER_PATHS = NO;
				CLANG_ANALYZER_NONNULL = YES;
				CLANG_ANALYZER_NUMBER_OBJECT_CONVERSION = YES_AGGRESSIVE;
				CLANG_CXX_LANGUAGE_STANDARD = "gnu++17";
				CLANG_CXX_LIBRARY = "libc++";
				CLANG_ENABLE_MODULES = YES;
				CLANG_ENABLE_OBJC_ARC = YES;
				CLANG_ENABLE_OBJC_WEAK = YES;
				CLANG_WARN_BLOCK_CAPTURE_AUTORELEASING = YES;
				CLANG_WARN_BOOL_CONVERSION = YES;
				CLANG_WARN_COMMA = YES;
				CLANG_WARN_CONSTANT_CONVERSION = YES;
				CLANG_WARN_DEPRECATED_OBJC_IMPLEMENTATIONS = YES;
				CLANG_WARN_DIRECT_OBJC_ISA_USAGE = YES_ERROR;
				CLANG_WARN_DOCUMENTATION_COMMENTS = YES;
				CLANG_WARN_EMPTY_BODY = YES;
				CLANG_WARN_ENUM_CONVERSION = YES;
				CLANG_WARN_INFINITE_RECURSION = YES;
				CLANG_WARN_INT_CONVERSION = YES;
				CLANG_WARN_NON_LITERAL_NULL_CONVERSION = YES;
				CLANG_WARN_OBJC_IMPLICIT_RETAIN_SELF = YES;
				CLANG_WARN_OBJC_LITERAL_CONVERSION = YES;
				CLANG_WARN_OBJC_ROOT_CLASS = YES_ERROR;
				CLANG_WARN_QUOTED_INCLUDE_IN_FRAMEWORK_HEADER = YES;
				CLANG_WARN_RANGE_LOOP_ANALYSIS = YES;
				CLANG_WARN_STRICT_PROTOTYPES = YES;
				CLANG_WARN_SUSPICIOUS_MOVE = YES;
				CLANG_WARN_UNGUARDED_AVAILABILITY = YES_AGGRESSIVE;
				CLANG_WARN_UNREACHABLE_CODE = YES;
				CLANG_WARN__DUPLICATE_METHOD_MATCH = YES;
				COPY_PHASE_STRIP = NO;
				DEBUG_INFORMATION_FORMAT = dwarf;
				ENABLE_STRICT_OBJC_MSGSEND = YES;
				ENABLE_TESTABILITY = YES;
				GCC_C_LANGUAGE_STANDARD = gnu11;
				GCC_DYNAMIC_NO_PIC = NO;
				GCC_NO_COMMON_BLOCKS = YES;
				GCC_OPTIMIZATION_LEVEL = 0;
				GCC_PREPROCESSOR_DEFINITIONS = (
					"DEBUG=1",
					"$(inherited)",
				);
				GCC_WARN_64_TO_32_BIT_CONVERSION = YES;
				GCC_WARN_ABOUT_RETURN_TYPE = YES_ERROR;
				GCC_WARN_UNDECLARED_SELECTOR = YES;
				GCC_WARN_UNINITIALIZED_AUTOS = YES_AGGRESSIVE;
				GCC_WARN_UNUSED_FUNCTION = YES;
				GCC_WARN_UNUSED_VARIABLE = YES;
				IPHONEOS_DEPLOYMENT_TARGET = 15.2;
				MTL_ENABLE_DEBUG_INFO = INCLUDE_SOURCE;
				MTL_FAST_MATH = YES;
				ONLY_ACTIVE_ARCH = YES;
				SDKROOT = iphoneos;
				SWIFT_ACTIVE_COMPILATION_CONDITIONS = DEBUG;
				SWIFT_OPTIMIZATION_LEVEL = "-Onone";
			};
			name = Debug;
		};
		4B4A4A2727A7B0CF008ED620 /* Release */ = {
			isa = XCBuildConfiguration;
			buildSettings = {
				ALWAYS_SEARCH_USER_PATHS = NO;
				CLANG_ANALYZER_NONNULL = YES;
				CLANG_ANALYZER_NUMBER_OBJECT_CONVERSION = YES_AGGRESSIVE;
				CLANG_CXX_LANGUAGE_STANDARD = "gnu++17";
				CLANG_CXX_LIBRARY = "libc++";
				CLANG_ENABLE_MODULES = YES;
				CLANG_ENABLE_OBJC_ARC = YES;
				CLANG_ENABLE_OBJC_WEAK = YES;
				CLANG_WARN_BLOCK_CAPTURE_AUTORELEASING = YES;
				CLANG_WARN_BOOL_CONVERSION = YES;
				CLANG_WARN_COMMA = YES;
				CLANG_WARN_CONSTANT_CONVERSION = YES;
				CLANG_WARN_DEPRECATED_OBJC_IMPLEMENTATIONS = YES;
				CLANG_WARN_DIRECT_OBJC_ISA_USAGE = YES_ERROR;
				CLANG_WARN_DOCUMENTATION_COMMENTS = YES;
				CLANG_WARN_EMPTY_BODY = YES;
				CLANG_WARN_ENUM_CONVERSION = YES;
				CLANG_WARN_INFINITE_RECURSION = YES;
				CLANG_WARN_INT_CONVERSION = YES;
				CLANG_WARN_NON_LITERAL_NULL_CONVERSION = YES;
				CLANG_WARN_OBJC_IMPLICIT_RETAIN_SELF = YES;
				CLANG_WARN_OBJC_LITERAL_CONVERSION = YES;
				CLANG_WARN_OBJC_ROOT_CLASS = YES_ERROR;
				CLANG_WARN_QUOTED_INCLUDE_IN_FRAMEWORK_HEADER = YES;
				CLANG_WARN_RANGE_LOOP_ANALYSIS = YES;
				CLANG_WARN_STRICT_PROTOTYPES = YES;
				CLANG_WARN_SUSPICIOUS_MOVE = YES;
				CLANG_WARN_UNGUARDED_AVAILABILITY = YES_AGGRESSIVE;
				CLANG_WARN_UNREACHABLE_CODE = YES;
				CLANG_WARN__DUPLICATE_METHOD_MATCH = YES;
				COPY_PHASE_STRIP = NO;
				DEBUG_INFORMATION_FORMAT = "dwarf-with-dsym";
				ENABLE_NS_ASSERTIONS = NO;
				ENABLE_STRICT_OBJC_MSGSEND = YES;
				GCC_C_LANGUAGE_STANDARD = gnu11;
				GCC_NO_COMMON_BLOCKS = YES;
				GCC_WARN_64_TO_32_BIT_CONVERSION = YES;
				GCC_WARN_ABOUT_RETURN_TYPE = YES_ERROR;
				GCC_WARN_UNDECLARED_SELECTOR = YES;
				GCC_WARN_UNINITIALIZED_AUTOS = YES_AGGRESSIVE;
				GCC_WARN_UNUSED_FUNCTION = YES;
				GCC_WARN_UNUSED_VARIABLE = YES;
				IPHONEOS_DEPLOYMENT_TARGET = 15.2;
				MTL_ENABLE_DEBUG_INFO = NO;
				MTL_FAST_MATH = YES;
				ONLY_ACTIVE_ARCH = YES;
				SDKROOT = iphoneos;
				SWIFT_COMPILATION_MODE = wholemodule;
				SWIFT_OPTIMIZATION_LEVEL = "-O";
				VALIDATE_PRODUCT = YES;
			};
			name = Release;
		};
		4B4A4A2927A7B0CF008ED620 /* Debug */ = {
			isa = XCBuildConfiguration;
			baseConfigurationReference = 60E1B954D1D6BCF7150AD8E6 /* Pods-Spotify Clone.debug.xcconfig */;
			buildSettings = {
				ASSETCATALOG_COMPILER_APPICON_NAME = AppIcon;
				ASSETCATALOG_COMPILER_GLOBAL_ACCENT_COLOR_NAME = AccentColor;
				CODE_SIGN_STYLE = Automatic;
				CURRENT_PROJECT_VERSION = 1;
				DEVELOPMENT_TEAM = 66UN7U45CR;
				GENERATE_INFOPLIST_FILE = YES;
				INFOPLIST_FILE = "Spotify Clone/Info.plist";
				INFOPLIST_KEY_UIApplicationSupportsIndirectInputEvents = YES;
				INFOPLIST_KEY_UILaunchStoryboardName = LaunchScreen;
				INFOPLIST_KEY_UISupportedInterfaceOrientations_iPad = "UIInterfaceOrientationPortrait UIInterfaceOrientationPortraitUpsideDown UIInterfaceOrientationLandscapeLeft UIInterfaceOrientationLandscapeRight";
				INFOPLIST_KEY_UISupportedInterfaceOrientations_iPhone = "UIInterfaceOrientationPortrait UIInterfaceOrientationLandscapeLeft UIInterfaceOrientationLandscapeRight";
				LD_RUNPATH_SEARCH_PATHS = (
					"$(inherited)",
					"@executable_path/Frameworks",
				);
				MARKETING_VERSION = 1.0;
				PRODUCT_BUNDLE_IDENTIFIER = "ugdev.Spotify-Clone";
				PRODUCT_NAME = "$(TARGET_NAME)";
				SWIFT_EMIT_LOC_STRINGS = YES;
				SWIFT_VERSION = 5.0;
				TARGETED_DEVICE_FAMILY = "1,2";
			};
			name = Debug;
		};
		4B4A4A2A27A7B0CF008ED620 /* Release */ = {
			isa = XCBuildConfiguration;
			baseConfigurationReference = 387BBBE4268DF50BF36FD253 /* Pods-Spotify Clone.release.xcconfig */;
			buildSettings = {
				ASSETCATALOG_COMPILER_APPICON_NAME = AppIcon;
				ASSETCATALOG_COMPILER_GLOBAL_ACCENT_COLOR_NAME = AccentColor;
				CODE_SIGN_STYLE = Automatic;
				CURRENT_PROJECT_VERSION = 1;
				DEVELOPMENT_TEAM = 66UN7U45CR;
				GENERATE_INFOPLIST_FILE = YES;
				INFOPLIST_FILE = "Spotify Clone/Info.plist";
				INFOPLIST_KEY_UIApplicationSupportsIndirectInputEvents = YES;
				INFOPLIST_KEY_UILaunchStoryboardName = LaunchScreen;
				INFOPLIST_KEY_UISupportedInterfaceOrientations_iPad = "UIInterfaceOrientationPortrait UIInterfaceOrientationPortraitUpsideDown UIInterfaceOrientationLandscapeLeft UIInterfaceOrientationLandscapeRight";
				INFOPLIST_KEY_UISupportedInterfaceOrientations_iPhone = "UIInterfaceOrientationPortrait UIInterfaceOrientationLandscapeLeft UIInterfaceOrientationLandscapeRight";
				LD_RUNPATH_SEARCH_PATHS = (
					"$(inherited)",
					"@executable_path/Frameworks",
				);
				MARKETING_VERSION = 1.0;
				PRODUCT_BUNDLE_IDENTIFIER = "ugdev.Spotify-Clone";
				PRODUCT_NAME = "$(TARGET_NAME)";
				SWIFT_EMIT_LOC_STRINGS = YES;
				SWIFT_VERSION = 5.0;
				TARGETED_DEVICE_FAMILY = "1,2";
			};
			name = Release;
		};
		4B4A4A2C27A7B0CF008ED620 /* Debug */ = {
			isa = XCBuildConfiguration;
			buildSettings = {
				ALWAYS_EMBED_SWIFT_STANDARD_LIBRARIES = YES;
				BUNDLE_LOADER = "$(TEST_HOST)";
				CODE_SIGN_STYLE = Automatic;
				CURRENT_PROJECT_VERSION = 1;
				DEVELOPMENT_TEAM = 66UN7U45CR;
				GENERATE_INFOPLIST_FILE = YES;
				IPHONEOS_DEPLOYMENT_TARGET = 15.2;
				MARKETING_VERSION = 1.0;
				PRODUCT_BUNDLE_IDENTIFIER = "ugdev.Spotify-CloneTests";
				PRODUCT_NAME = "$(TARGET_NAME)";
				SWIFT_EMIT_LOC_STRINGS = NO;
				SWIFT_VERSION = 5.0;
				TARGETED_DEVICE_FAMILY = "1,2";
				TEST_HOST = "$(BUILT_PRODUCTS_DIR)/Spotify Clone.app/Spotify Clone";
			};
			name = Debug;
		};
		4B4A4A2D27A7B0CF008ED620 /* Release */ = {
			isa = XCBuildConfiguration;
			buildSettings = {
				ALWAYS_EMBED_SWIFT_STANDARD_LIBRARIES = YES;
				BUNDLE_LOADER = "$(TEST_HOST)";
				CODE_SIGN_STYLE = Automatic;
				CURRENT_PROJECT_VERSION = 1;
				DEVELOPMENT_TEAM = 66UN7U45CR;
				GENERATE_INFOPLIST_FILE = YES;
				IPHONEOS_DEPLOYMENT_TARGET = 15.2;
				MARKETING_VERSION = 1.0;
				PRODUCT_BUNDLE_IDENTIFIER = "ugdev.Spotify-CloneTests";
				PRODUCT_NAME = "$(TARGET_NAME)";
				SWIFT_EMIT_LOC_STRINGS = NO;
				SWIFT_VERSION = 5.0;
				TARGETED_DEVICE_FAMILY = "1,2";
				TEST_HOST = "$(BUILT_PRODUCTS_DIR)/Spotify Clone.app/Spotify Clone";
			};
			name = Release;
		};
		4B4A4A2F27A7B0CF008ED620 /* Debug */ = {
			isa = XCBuildConfiguration;
			buildSettings = {
				ALWAYS_EMBED_SWIFT_STANDARD_LIBRARIES = YES;
				CODE_SIGN_STYLE = Automatic;
				CURRENT_PROJECT_VERSION = 1;
				DEVELOPMENT_TEAM = 66UN7U45CR;
				GENERATE_INFOPLIST_FILE = YES;
				MARKETING_VERSION = 1.0;
				PRODUCT_BUNDLE_IDENTIFIER = "ugdev.Spotify-CloneUITests";
				PRODUCT_NAME = "$(TARGET_NAME)";
				SWIFT_EMIT_LOC_STRINGS = NO;
				SWIFT_VERSION = 5.0;
				TARGETED_DEVICE_FAMILY = "1,2";
				TEST_TARGET_NAME = "Spotify Clone";
			};
			name = Debug;
		};
		4B4A4A3027A7B0CF008ED620 /* Release */ = {
			isa = XCBuildConfiguration;
			buildSettings = {
				ALWAYS_EMBED_SWIFT_STANDARD_LIBRARIES = YES;
				CODE_SIGN_STYLE = Automatic;
				CURRENT_PROJECT_VERSION = 1;
				DEVELOPMENT_TEAM = 66UN7U45CR;
				GENERATE_INFOPLIST_FILE = YES;
				MARKETING_VERSION = 1.0;
				PRODUCT_BUNDLE_IDENTIFIER = "ugdev.Spotify-CloneUITests";
				PRODUCT_NAME = "$(TARGET_NAME)";
				SWIFT_EMIT_LOC_STRINGS = NO;
				SWIFT_VERSION = 5.0;
				TARGETED_DEVICE_FAMILY = "1,2";
				TEST_TARGET_NAME = "Spotify Clone";
			};
			name = Release;
		};
/* End XCBuildConfiguration section */

/* Begin XCConfigurationList section */
		4B4A49F927A7B0CE008ED620 /* Build configuration list for PBXProject "Spotify Clone" */ = {
			isa = XCConfigurationList;
			buildConfigurations = (
				4B4A4A2627A7B0CF008ED620 /* Debug */,
				4B4A4A2727A7B0CF008ED620 /* Release */,
			);
			defaultConfigurationIsVisible = 0;
			defaultConfigurationName = Release;
		};
		4B4A4A2827A7B0CF008ED620 /* Build configuration list for PBXNativeTarget "Spotify Clone" */ = {
			isa = XCConfigurationList;
			buildConfigurations = (
				4B4A4A2927A7B0CF008ED620 /* Debug */,
				4B4A4A2A27A7B0CF008ED620 /* Release */,
			);
			defaultConfigurationIsVisible = 0;
			defaultConfigurationName = Release;
		};
		4B4A4A2B27A7B0CF008ED620 /* Build configuration list for PBXNativeTarget "Spotify CloneTests" */ = {
			isa = XCConfigurationList;
			buildConfigurations = (
				4B4A4A2C27A7B0CF008ED620 /* Debug */,
				4B4A4A2D27A7B0CF008ED620 /* Release */,
			);
			defaultConfigurationIsVisible = 0;
			defaultConfigurationName = Release;
		};
		4B4A4A2E27A7B0CF008ED620 /* Build configuration list for PBXNativeTarget "Spotify CloneUITests" */ = {
			isa = XCConfigurationList;
			buildConfigurations = (
				4B4A4A2F27A7B0CF008ED620 /* Debug */,
				4B4A4A3027A7B0CF008ED620 /* Release */,
			);
			defaultConfigurationIsVisible = 0;
			defaultConfigurationName = Release;
		};
/* End XCConfigurationList section */
	};
	rootObject = 4B4A49F627A7B0CE008ED620 /* Project object */;
}
